
Microsoft Visual Studio Solution File, Format Version 12.00
# Visual Studio Version 17
VisualStudioVersion = 17.5.33627.172
MinimumVisualStudioVersion = 10.0.40219.1
Project("{9A19103F-16F7-4668-BE54-9A1E7A4F7556}") = "Qurrah.Web", "Qurrah.Web\Qurrah.Web.csproj", "{38EE5026-9884-41C9-8179-1A09FE41DE0F}"
EndProject
Project("{9A19103F-16F7-4668-BE54-9A1E7A4F7556}") = "Qurrah.Entities", "Qurrah.Entities\Qurrah.Entities.csproj", "{A47DD2A4-3405-4F28-B16D-48B3EA15C68F}"
EndProject
Project("{9A19103F-16F7-4668-BE54-9A1E7A4F7556}") = "Qurrah.Data", "Qurrah.Data\Qurrah.Data.csproj", "{A12CC969-7F86-4AD7-950E-E12622DBBB27}"
EndProject
Project("{9A19103F-16F7-4668-BE54-9A1E7A4F7556}") = "Qurrah.Web.APIs", "APIs\Qurrah.Web.APIs\Qurrah.Web.APIs.csproj", "{1648C83F-6543-4A93-89E9-165E42035EC3}"
EndProject
Project("{9A19103F-16F7-4668-BE54-9A1E7A4F7556}") = "Qurrah.Business", "Qurrah.Business\Qurrah.Business.csproj", "{4891A969-410C-40E0-B7BE-BECBC39A8A85}"
EndProject
Project("{9A19103F-16F7-4668-BE54-9A1E7A4F7556}") = "Qurrah.Integration.ServiceWrappers", "Qurrah.Integration.ServiceWrappers\Qurrah.Integration.ServiceWrappers.csproj", "{823B866D-9830-4D87-B3E6-309A7874B8E1}"
EndProject
Project("{9A19103F-16F7-4668-BE54-9A1E7A4F7556}") = "Qurrah.Models", "Qurrah.Models\Qurrah.Models.csproj", "{27F1D038-A88A-4359-AEAA-0F8B9DD7AE35}"
EndProject
Project("{2150E333-8FDC-42A3-9474-1A3956D46DE8}") = "APIs", "APIs", "{3FE40196-F587-4F59-8B6C-450D676E4CCC}"
EndProject
Global
	GlobalSection(SolutionConfigurationPlatforms) = preSolution
		Debug|Any CPU = Debug|Any CPU
		Release|Any CPU = Release|Any CPU
	EndGlobalSection
	GlobalSection(ProjectConfigurationPlatforms) = postSolution
		{38EE5026-9884-41C9-8179-1A09FE41DE0F}.Debug|Any CPU.ActiveCfg = Debug|Any CPU
		{38EE5026-9884-41C9-8179-1A09FE41DE0F}.Debug|Any CPU.Build.0 = Debug|Any CPU
		{38EE5026-9884-41C9-8179-1A09FE41DE0F}.Release|Any CPU.ActiveCfg = Release|Any CPU
		{38EE5026-9884-41C9-8179-1A09FE41DE0F}.Release|Any CPU.Build.0 = Release|Any CPU
		{A47DD2A4-3405-4F28-B16D-48B3EA15C68F}.Debug|Any CPU.ActiveCfg = Debug|Any CPU
		{A47DD2A4-3405-4F28-B16D-48B3EA15C68F}.Debug|Any CPU.Build.0 = Debug|Any CPU
		{A47DD2A4-3405-4F28-B16D-48B3EA15C68F}.Release|Any CPU.ActiveCfg = Release|Any CPU
		{A47DD2A4-3405-4F28-B16D-48B3EA15C68F}.Release|Any CPU.Build.0 = Release|Any CPU
		{A12CC969-7F86-4AD7-950E-E12622DBBB27}.Debug|Any CPU.ActiveCfg = Debug|Any CPU
		{A12CC969-7F86-4AD7-950E-E12622DBBB27}.Debug|Any CPU.Build.0 = Debug|Any CPU
		{A12CC969-7F86-4AD7-950E-E12622DBBB27}.Release|Any CPU.ActiveCfg = Release|Any CPU
		{A12CC969-7F86-4AD7-950E-E12622DBBB27}.Release|Any CPU.Build.0 = Release|Any CPU
		{1648C83F-6543-4A93-89E9-165E42035EC3}.Debug|Any CPU.ActiveCfg = Debug|Any CPU
		{1648C83F-6543-4A93-89E9-165E42035EC3}.Debug|Any CPU.Build.0 = Debug|Any CPU
		{1648C83F-6543-4A93-89E9-165E42035EC3}.Release|Any CPU.ActiveCfg = Release|Any CPU
		{1648C83F-6543-4A93-89E9-165E42035EC3}.Release|Any CPU.Build.0 = Release|Any CPU
		{4891A969-410C-40E0-B7BE-BECBC39A8A85}.Debug|Any CPU.ActiveCfg = Debug|Any CPU
		{4891A969-410C-40E0-B7BE-BECBC39A8A85}.Debug|Any CPU.Build.0 = Debug|Any CPU
		{4891A969-410C-40E0-B7BE-BECBC39A8A85}.Release|Any CPU.ActiveCfg = Release|Any CPU
		{4891A969-410C-40E0-B7BE-BECBC39A8A85}.Release|Any CPU.Build.0 = Release|Any CPU
		{823B866D-9830-4D87-B3E6-309A7874B8E1}.Debug|Any CPU.ActiveCfg = Debug|Any CPU
		{823B866D-9830-4D87-B3E6-309A7874B8E1}.Debug|Any CPU.Build.0 = Debug|Any CPU
		{823B866D-9830-4D87-B3E6-309A7874B8E1}.Release|Any CPU.ActiveCfg = Release|Any CPU
		{823B866D-9830-4D87-B3E6-309A7874B8E1}.Release|Any CPU.Build.0 = Release|Any CPU
		{27F1D038-A88A-4359-AEAA-0F8B9DD7AE35}.Debug|Any CPU.ActiveCfg = Debug|Any CPU
		{27F1D038-A88A-4359-AEAA-0F8B9DD7AE35}.Debug|Any CPU.Build.0 = Debug|Any CPU
		{27F1D038-A88A-4359-AEAA-0F8B9DD7AE35}.Release|Any CPU.ActiveCfg = Release|Any CPU
		{27F1D038-A88A-4359-AEAA-0F8B9DD7AE35}.Release|Any CPU.Build.0 = Release|Any CPU
	EndGlobalSection
	GlobalSection(SolutionProperties) = preSolution
		HideSolutionNode = FALSE
	EndGlobalSection
	GlobalSection(NestedProjects) = preSolution
		{1648C83F-6543-4A93-89E9-165E42035EC3} = {3FE40196-F587-4F59-8B6C-450D676E4CCC}
	EndGlobalSection
	GlobalSection(ExtensibilityGlobals) = postSolution
		SolutionGuid = {89F7A115-CEDF-4A5D-860F-609FB5B5EB67}
	EndGlobalSection
EndGlobal
